// !$*UTF8*$!
{
	archiveVersion = 1;
	classes = {
	};
	objectVersion = 46;
	objects = {

/* Begin PBXFileReference section */
		CB135E5F1CB4662D00D86FA9 /* softuart.c */ = {isa = PBXFileReference; fileEncoding = 4; lastKnownFileType = sourcecode.c.c; path = softuart.c; sourceTree = "<group>"; };
		CB135E601CB4662D00D86FA9 /* softuart.h */ = {isa = PBXFileReference; fileEncoding = 4; lastKnownFileType = sourcecode.c.h; path = softuart.h; sourceTree = "<group>"; };
		CB4A13EF1CB5D5A900E71E4D /* Makefile */ = {isa = PBXFileReference; lastKnownFileType = sourcecode.make; path = Makefile; sourceTree = "<group>"; };
		CBBB00E81CC5ABE9002FC7D6 /* Commands.h */ = {isa = PBXFileReference; lastKnownFileType = sourcecode.c.h; path = Commands.h; sourceTree = "<group>"; };
		CBD54C171C8A771D00D032B7 /* ReflowOvenFirmware.c */ = {isa = PBXFileReference; lastKnownFileType = sourcecode.c.c; path = ReflowOvenFirmware.c; sourceTree = "<group>"; };
		CBD54C181C8A771D00D032B7 /* ReflowOvenFirmware.h */ = {isa = PBXFileReference; lastKnownFileType = sourcecode.c.h; path = ReflowOvenFirmware.h; sourceTree = "<group>"; };
		CBD6294A1CB33342008D482A /* Makefile copy */ = {isa = PBXFileReference; fileEncoding = 4; lastKnownFileType = text; path = "Makefile copy"; sourceTree = "<group>"; };
		CBFDAE171CA35AE1004914FA /* MAX31855.c */ = {isa = PBXFileReference; lastKnownFileType = sourcecode.c.c; path = MAX31855.c; sourceTree = "<group>"; };
		CBFDAE181CA35AE1004914FA /* MAX31855.h */ = {isa = PBXFileReference; lastKnownFileType = sourcecode.c.h; path = MAX31855.h; sourceTree = "<group>"; };
/* End PBXFileReference section */

/* Begin PBXGroup section */
		CBD54C0B1C7694F800D032B7 = {
			isa = PBXGroup;
			children = (
				CB135E5F1CB4662D00D86FA9 /* softuart.c */,
				CB135E601CB4662D00D86FA9 /* softuart.h */,
				CBFDAE181CA35AE1004914FA /* MAX31855.h */,
				CBFDAE171CA35AE1004914FA /* MAX31855.c */,
				CBD6294A1CB33342008D482A /* Makefile copy */,
				CBD54C181C8A771D00D032B7 /* ReflowOvenFirmware.h */,
				CBD54C171C8A771D00D032B7 /* ReflowOvenFirmware.c */,
				CBBB00E81CC5ABE9002FC7D6 /* Commands.h */,
				CB4A13EF1CB5D5A900E71E4D /* Makefile */,
			);
			sourceTree = "<group>";
		};
/* End PBXGroup section */

/* Begin PBXLegacyTarget section */
		CBD54C101C7694F800D032B7 /* ReflowOven */ = {
			isa = PBXLegacyTarget;
			buildArgumentsString = "$(ACTION)";
			buildConfigurationList = CBD54C131C7694F800D032B7 /* Build configuration list for PBXLegacyTarget "ReflowOven" */;
			buildPhases = (
			);
			buildToolPath = /usr/bin/make;
			buildWorkingDirectory = /Users/veraabad/Documents/ReflowOven/ReflowOvenFirmware;
			dependencies = (
			);
			name = ReflowOven;
			passBuildSettingsInEnvironment = 1;
			productName = ReflowOven;
		};
/* End PBXLegacyTarget section */

/* Begin PBXProject section */
		CBD54C0C1C7694F800D032B7 /* Project object */ = {
			isa = PBXProject;
			attributes = {
				LastUpgradeCheck = 0720;
				ORGANIZATIONNAME = "Abad Vera";
				TargetAttributes = {
					CBD54C101C7694F800D032B7 = {
						CreatedOnToolsVersion = 7.2.1;
					};
				};
			};
			buildConfigurationList = CBD54C0F1C7694F800D032B7 /* Build configuration list for PBXProject "ReflowOven" */;
			compatibilityVersion = "Xcode 3.2";
			developmentRegion = English;
			hasScannedForEncodings = 0;
			knownRegions = (
				en,
			);
			mainGroup = CBD54C0B1C7694F800D032B7;
			projectDirPath = "";
			projectRoot = "";
			targets = (
				CBD54C101C7694F800D032B7 /* ReflowOven */,
			);
		};
/* End PBXProject section */

/* Begin XCBuildConfiguration section */
		CBD54C111C7694F800D032B7 /* Debug */ = {
			isa = XCBuildConfiguration;
			buildSettings = {
				ALWAYS_SEARCH_USER_PATHS = NO;
				CLANG_CXX_LANGUAGE_STANDARD = "gnu++0x";
				CLANG_CXX_LIBRARY = "libc++";
				CLANG_ENABLE_MODULES = YES;
				CLANG_ENABLE_OBJC_ARC = YES;
				CLANG_WARN_BOOL_CONVERSION = YES;
				CLANG_WARN_CONSTANT_CONVERSION = YES;
				CLANG_WARN_DIRECT_OBJC_ISA_USAGE = YES_ERROR;
				CLANG_WARN_EMPTY_BODY = YES;
				CLANG_WARN_ENUM_CONVERSION = YES;
				CLANG_WARN_INT_CONVERSION = YES;
				CLANG_WARN_OBJC_ROOT_CLASS = YES_ERROR;
				CLANG_WARN_UNREACHABLE_CODE = YES;
				CLANG_WARN__DUPLICATE_METHOD_MATCH = YES;
				COPY_PHASE_STRIP = NO;
				DEBUG_INFORMATION_FORMAT = dwarf;
				ENABLE_STRICT_OBJC_MSGSEND = YES;
				ENABLE_TESTABILITY = YES;
				GCC_C_LANGUAGE_STANDARD = gnu99;
				GCC_DYNAMIC_NO_PIC = NO;
				GCC_NO_COMMON_BLOCKS = YES;
				GCC_OPTIMIZATION_LEVEL = 0;
				GCC_PREPROCESSOR_DEFINITIONS = (
					"DEBUG=1",
					"$(inherited)",
				);
				GCC_WARN_64_TO_32_BIT_CONVERSION = YES;
				GCC_WARN_ABOUT_RETURN_TYPE = YES_ERROR;
				GCC_WARN_UNDECLARED_SELECTOR = YES;
				GCC_WARN_UNINITIALIZED_AUTOS = YES_AGGRESSIVE;
				GCC_WARN_UNUSED_FUNCTION = YES;
				GCC_WARN_UNUSED_VARIABLE = YES;
				MTL_ENABLE_DEBUG_INFO = YES;
				ONLY_ACTIVE_ARCH = YES;
			};
			name = Debug;
		};
		CBD54C121C7694F800D032B7 /* Release */ = {
			isa = XCBuildConfiguration;
			buildSettings = {
				ALWAYS_SEARCH_USER_PATHS = NO;
				CLANG_CXX_LANGUAGE_STANDARD = "gnu++0x";
				CLANG_CXX_LIBRARY = "libc++";
				CLANG_ENABLE_MODULES = YES;
				CLANG_ENABLE_OBJC_ARC = YES;
				CLANG_WARN_BOOL_CONVERSION = YES;
				CLANG_WARN_CONSTANT_CONVERSION = YES;
				CLANG_WARN_DIRECT_OBJC_ISA_USAGE = YES_ERROR;
				CLANG_WARN_EMPTY_BODY = YES;
				CLANG_WARN_ENUM_CONVERSION = YES;
				CLANG_WARN_INT_CONVERSION = YES;
				CLANG_WARN_OBJC_ROOT_CLASS = YES_ERROR;
				CLANG_WARN_UNREACHABLE_CODE = YES;
				CLANG_WARN__DUPLICATE_METHOD_MATCH = YES;
				COPY_PHASE_STRIP = NO;
				DEBUG_INFORMATION_FORMAT = "dwarf-with-dsym";
				ENABLE_NS_ASSERTIONS = NO;
				ENABLE_STRICT_OBJC_MSGSEND = YES;
				GCC_C_LANGUAGE_STANDARD = gnu99;
				GCC_NO_COMMON_BLOCKS = YES;
				GCC_WARN_64_TO_32_BIT_CONVERSION = YES;
				GCC_WARN_ABOUT_RETURN_TYPE = YES_ERROR;
				GCC_WARN_UNDECLARED_SELECTOR = YES;
				GCC_WARN_UNINITIALIZED_AUTOS = YES_AGGRESSIVE;
				GCC_WARN_UNUSED_FUNCTION = YES;
				GCC_WARN_UNUSED_VARIABLE = YES;
				MTL_ENABLE_DEBUG_INFO = NO;
			};
			name = Release;
		};
		CBD54C141C7694F800D032B7 /* Debug */ = {
			isa = XCBuildConfiguration;
			buildSettings = {
				DEBUGGING_SYMBOLS = YES;
				DEBUG_INFORMATION_FORMAT = dwarf;
				GCC_GENERATE_DEBUGGING_SYMBOLS = YES;
				GCC_OPTIMIZATION_LEVEL = 0;
				OTHER_CFLAGS = "";
				OTHER_LDFLAGS = "";
				PRODUCT_NAME = "$(TARGET_NAME)";
			};
			name = Debug;
		};
		CBD54C151C7694F800D032B7 /* Release */ = {
			isa = XCBuildConfiguration;
			buildSettings = {
				DEBUG_INFORMATION_FORMAT = "dwarf-with-dsym";
				OTHER_CFLAGS = "";
				OTHER_LDFLAGS = "";
				PRODUCT_NAME = "$(TARGET_NAME)";
			};
			name = Release;
		};
/* End XCBuildConfiguration section */

/* Begin XCConfigurationList section */
		CBD54C0F1C7694F800D032B7 /* Build configuration list for PBXProject "ReflowOven" */ = {
			isa = XCConfigurationList;
			buildConfigurations = (
				CBD54C111C7694F800D032B7 /* Debug */,
				CBD54C121C7694F800D032B7 /* Release */,
			);
			defaultConfigurationIsVisible = 0;
			defaultConfigurationName = Release;
		};
		CBD54C131C7694F800D032B7 /* Build configuration list for PBXLegacyTarget "ReflowOven" */ = {
			isa = XCConfigurationList;
			buildConfigurations = (
				CBD54C141C7694F800D032B7 /* Debug */,
				CBD54C151C7694F800D032B7 /* Release */,
			);
			defaultConfigurationIsVisible = 0;
			defaultConfigurationName = Release;
		};
/* End XCConfigurationList section */
	};
	rootObject = CBD54C0C1C7694F800D032B7 /* Project object */;
}
